# THIS IS AN AUTOGENERATED FILE. DO NOT EDIT THIS FILE DIRECTLY.
# yarn lockfile v1


"@babel/runtime@^7.0.0":
  version "7.6.0"
  resolved "https://registry.yarnpkg.com/@babel/runtime/-/runtime-7.6.0.tgz#4fc1d642a9fd0299754e8b5de62c631cf5568205"
  integrity sha512-89eSBLJsxNxOERC0Op4vd+0Bqm6wRMqMbFtV3i0/fbaWw/mJ8Q3eBvgX0G4SyrOOLCtbu98HspF8o09MRT+KzQ==
  dependencies:
    regenerator-runtime "^0.13.2"

"@types/yup@^0.26.24":
  version "0.26.24"
  resolved "https://registry.yarnpkg.com/@types/yup/-/yup-0.26.24.tgz#c24170b3a5c867b4fabd49fcc42fe45f780cb153"
  integrity sha512-x0bhHnYjH5mZit4HivUYbTMO4LouOTGwp/LLxSL1mbJYVwNJtHYESH0ed2bwM1lkI2yDmsoCDYJnWEgHeJDACg==

fn-name@~2.0.1:
  version "2.0.1"
  resolved "https://registry.yarnpkg.com/fn-name/-/fn-name-2.0.1.tgz#5214d7537a4d06a4a301c0cc262feb84188002e7"
  integrity sha1-UhTXU3pNBqSjAcDMJi/rhBiAAuc=

lodash@^4.17.11:
  version "4.17.15"
  resolved "https://registry.yarnpkg.com/lodash/-/lodash-4.17.15.tgz#b447f6670a0455bbfeedd11392eff330ea097548"
  integrity sha512-8xOcRHvCjnocdS5cpwXQXVzmmh5e5+saE2QGoeQmbKmRS6J3VQppPOIt0MnmE+4xlZoumy0GPG0D0MVIQbNA1A==

property-expr@^1.5.0:
  version "1.5.1"
  resolved "https://registry.yarnpkg.com/property-expr/-/property-expr-1.5.1.tgz#22e8706894a0c8e28d58735804f6ba3a3673314f"
  integrity sha512-CGuc0VUTGthpJXL36ydB6jnbyOf/rAHFvmVrJlH+Rg0DqqLFQGAP6hIaxD/G0OAmBJPhXDHuEJigrp0e0wFV6g==

regenerator-runtime@^0.13.2:
  version "0.13.3"
  resolved "https://registry.yarnpkg.com/regenerator-runtime/-/regenerator-runtime-0.13.3.tgz#7cf6a77d8f5c6f60eb73c5fc1955b2ceb01e6bf5"
  integrity sha512-naKIZz2GQ8JWh///G7L3X6LaQUAMp2lvb1rvwwsURe/VXwD6VMfr+/1NuNw3ag8v2kY1aQ/go5SNn79O9JU7yw==

synchronous-promise@^2.0.6:
  version "2.0.10"
  resolved "https://registry.yarnpkg.com/synchronous-promise/-/synchronous-promise-2.0.10.tgz#e64c6fd3afd25f423963353043f4a68ebd397fd8"
  integrity sha512-6PC+JRGmNjiG3kJ56ZMNWDPL8hjyghF5cMXIFOKg+NiwwEZZIvxTWd0pinWKyD227odg9ygF8xVhhz7gb8Uq7A==

toposort@^2.0.2:
  version "2.0.2"
  resolved "https://registry.yarnpkg.com/toposort/-/toposort-2.0.2.tgz#ae21768175d1559d48bef35420b2f4962f09c330"
  integrity sha1-riF2gXXRVZ1IvvNUILL0li8JwzA=

yup@^0.27.0:
  version "0.27.0"
  resolved "https://registry.yarnpkg.com/yup/-/yup-0.27.0.tgz#f8cb198c8e7dd2124beddc2457571329096b06e7"
  integrity sha512-v1yFnE4+u9za42gG/b/081E7uNW9mUj3qtkmelLbW5YPROZzSH/KUUyJu9Wt8vxFJcT9otL/eZopS0YK1L5yPQ==
  dependencies:
    "@babel/runtime" "^7.0.0"
    fn-name "~2.0.1"
    lodash "^4.17.11"
    property-expr "^1.5.0"
    synchronous-promise "^2.0.6"
    toposort "^2.0.2"
